github.com/rogpeppe/govers v0.0.0-20160623113756-77fd787551fc h1:BYVbZWVFe1q74RozLL6wT8I6pE1DxPtYXavqc1eaPLw=
github.com/rogpeppe/govers v0.0.0-20160623113756-77fd787551fc/go.mod h1:wcLGCt9yoOoAqyRWLeo9qKmZkBd4xdtye/9rVBAvIvY=
golang.org/x/net v0.0.0-20220114011407-0dd24b26b47d h1:1n1fc535VhN8SYtD4cDUyNlfpAF2ROMM9+11equK3hs=
golang.org/x/net v0.0.0-20220114011407-0dd24b26b47d/go.mod h1:9nx3DQGgdP8bBQD5qxJ1jj9UTztislL4KSBs9R2vV5Y=
